// !$*UTF8*$!
{
	archiveVersion = 1;
	classes = {
	};
	objectVersion = 55;
	objects = {

/* Begin PBXBuildFile section */
		86F1B3D66E27C6223BC95DD1 /* Pods_TaxiApp.framework in Frameworks */ = {isa = PBXBuildFile; fileRef = E294BAB9B51D1442157EE4C8 /* Pods_TaxiApp.framework */; };
		B6167E8527F1F35E006F4197 /* HomeController.swift in Sources */ = {isa = PBXBuildFile; fileRef = B6167E8427F1F35E006F4197 /* HomeController.swift */; };
		B635CCA627F4704A00E0D05B /* LocationInputActionView.swift in Sources */ = {isa = PBXBuildFile; fileRef = B635CCA527F4704A00E0D05B /* LocationInputActionView.swift */; };
		B635CCA827F4CB7600E0D05B /* LocationInputView.swift in Sources */ = {isa = PBXBuildFile; fileRef = B635CCA727F4CB7600E0D05B /* LocationInputView.swift */; };
		B635CCB227F5F3F100E0D05B /* LocationCell.swift in Sources */ = {isa = PBXBuildFile; fileRef = B635CCB127F5F3F100E0D05B /* LocationCell.swift */; };
		B6394F7127F1D6DD008D6A9D /* GoogleService-Info.plist in Resources */ = {isa = PBXBuildFile; fileRef = B6394F7027F1D6DD008D6A9D /* GoogleService-Info.plist */; };
		B6A09BF127F0AA9700C7B8E4 /* AppDelegate.swift in Sources */ = {isa = PBXBuildFile; fileRef = B6A09BF027F0AA9700C7B8E4 /* AppDelegate.swift */; };
		B6A09BF327F0AA9700C7B8E4 /* SceneDelegate.swift in Sources */ = {isa = PBXBuildFile; fileRef = B6A09BF227F0AA9700C7B8E4 /* SceneDelegate.swift */; };
		B6A09BF827F0AA9700C7B8E4 /* Main.storyboard in Resources */ = {isa = PBXBuildFile; fileRef = B6A09BF627F0AA9700C7B8E4 /* Main.storyboard */; };
		B6A09BFA27F0AA9900C7B8E4 /* Assets.xcassets in Resources */ = {isa = PBXBuildFile; fileRef = B6A09BF927F0AA9900C7B8E4 /* Assets.xcassets */; };
		B6A09BFD27F0AA9900C7B8E4 /* LaunchScreen.storyboard in Resources */ = {isa = PBXBuildFile; fileRef = B6A09BFB27F0AA9900C7B8E4 /* LaunchScreen.storyboard */; };
		B6A09C0A27F0AB8500C7B8E4 /* LoginController.swift in Sources */ = {isa = PBXBuildFile; fileRef = B6A09C0927F0AB8500C7B8E4 /* LoginController.swift */; };
		B6A09C0C27F0C5BD00C7B8E4 /* Extensions.swift in Sources */ = {isa = PBXBuildFile; fileRef = B6A09C0B27F0C5BD00C7B8E4 /* Extensions.swift */; };
		B6A09C3327F0F9B900C7B8E4 /* SignUpController.swift in Sources */ = {isa = PBXBuildFile; fileRef = B6A09C3227F0F9B900C7B8E4 /* SignUpController.swift */; };
		B6A09C3527F1B07E00C7B8E4 /* AuthButton.swift in Sources */ = {isa = PBXBuildFile; fileRef = B6A09C3427F1B07E00C7B8E4 /* AuthButton.swift */; };
		B6A09C3727F1BCB100C7B8E4 /* RegistrationButton.swift in Sources */ = {isa = PBXBuildFile; fileRef = B6A09C3627F1BCB100C7B8E4 /* RegistrationButton.swift */; };
/* End PBXBuildFile section */

/* Begin PBXFileReference section */
		1CC9746A5772470F154DD6E3 /* Pods-TaxiApp.release.xcconfig */ = {isa = PBXFileReference; includeInIndex = 1; lastKnownFileType = text.xcconfig; name = "Pods-TaxiApp.release.xcconfig"; path = "Target Support Files/Pods-TaxiApp/Pods-TaxiApp.release.xcconfig"; sourceTree = "<group>"; };
		97A02114761CDDFD3BF1BA28 /* Pods-TaxiApp.debug.xcconfig */ = {isa = PBXFileReference; includeInIndex = 1; lastKnownFileType = text.xcconfig; name = "Pods-TaxiApp.debug.xcconfig"; path = "Target Support Files/Pods-TaxiApp/Pods-TaxiApp.debug.xcconfig"; sourceTree = "<group>"; };
		B6167E8427F1F35E006F4197 /* HomeController.swift */ = {isa = PBXFileReference; lastKnownFileType = sourcecode.swift; path = HomeController.swift; sourceTree = "<group>"; };
		B635CCA527F4704A00E0D05B /* LocationInputActionView.swift */ = {isa = PBXFileReference; lastKnownFileType = sourcecode.swift; path = LocationInputActionView.swift; sourceTree = "<group>"; };
		B635CCA727F4CB7600E0D05B /* LocationInputView.swift */ = {isa = PBXFileReference; lastKnownFileType = sourcecode.swift; path = LocationInputView.swift; sourceTree = "<group>"; };
		B635CCB127F5F3F100E0D05B /* LocationCell.swift */ = {isa = PBXFileReference; lastKnownFileType = sourcecode.swift; path = LocationCell.swift; sourceTree = "<group>"; };
		B6394F7027F1D6DD008D6A9D /* GoogleService-Info.plist */ = {isa = PBXFileReference; fileEncoding = 4; lastKnownFileType = text.plist.xml; path = "GoogleService-Info.plist"; sourceTree = "<group>"; };
		B6A09BED27F0AA9700C7B8E4 /* TaxiApp.app */ = {isa = PBXFileReference; explicitFileType = wrapper.application; includeInIndex = 0; path = TaxiApp.app; sourceTree = BUILT_PRODUCTS_DIR; };
		B6A09BF027F0AA9700C7B8E4 /* AppDelegate.swift */ = {isa = PBXFileReference; lastKnownFileType = sourcecode.swift; path = AppDelegate.swift; sourceTree = "<group>"; };
		B6A09BF227F0AA9700C7B8E4 /* SceneDelegate.swift */ = {isa = PBXFileReference; lastKnownFileType = sourcecode.swift; path = SceneDelegate.swift; sourceTree = "<group>"; };
		B6A09BF727F0AA9700C7B8E4 /* Base */ = {isa = PBXFileReference; lastKnownFileType = file.storyboard; name = Base; path = Base.lproj/Main.storyboard; sourceTree = "<group>"; };
		B6A09BF927F0AA9900C7B8E4 /* Assets.xcassets */ = {isa = PBXFileReference; lastKnownFileType = folder.assetcatalog; path = Assets.xcassets; sourceTree = "<group>"; };
		B6A09BFC27F0AA9900C7B8E4 /* Base */ = {isa = PBXFileReference; lastKnownFileType = file.storyboard; name = Base; path = Base.lproj/LaunchScreen.storyboard; sourceTree = "<group>"; };
		B6A09BFE27F0AA9900C7B8E4 /* Info.plist */ = {isa = PBXFileReference; lastKnownFileType = text.plist.xml; path = Info.plist; sourceTree = "<group>"; };
		B6A09C0927F0AB8500C7B8E4 /* LoginController.swift */ = {isa = PBXFileReference; lastKnownFileType = sourcecode.swift; path = LoginController.swift; sourceTree = "<group>"; };
		B6A09C0B27F0C5BD00C7B8E4 /* Extensions.swift */ = {isa = PBXFileReference; lastKnownFileType = sourcecode.swift; path = Extensions.swift; sourceTree = "<group>"; };
		B6A09C3227F0F9B900C7B8E4 /* SignUpController.swift */ = {isa = PBXFileReference; lastKnownFileType = sourcecode.swift; path = SignUpController.swift; sourceTree = "<group>"; };
		B6A09C3427F1B07E00C7B8E4 /* AuthButton.swift */ = {isa = PBXFileReference; lastKnownFileType = sourcecode.swift; path = AuthButton.swift; sourceTree = "<group>"; };
		B6A09C3627F1BCB100C7B8E4 /* RegistrationButton.swift */ = {isa = PBXFileReference; lastKnownFileType = sourcecode.swift; path = RegistrationButton.swift; sourceTree = "<group>"; };
		E294BAB9B51D1442157EE4C8 /* Pods_TaxiApp.framework */ = {isa = PBXFileReference; explicitFileType = wrapper.framework; includeInIndex = 0; path = Pods_TaxiApp.framework; sourceTree = BUILT_PRODUCTS_DIR; };
/* End PBXFileReference section */

/* Begin PBXFrameworksBuildPhase section */
		B6A09BEA27F0AA9700C7B8E4 /* Frameworks */ = {
			isa = PBXFrameworksBuildPhase;
			buildActionMask = 2147483647;
			files = (
				86F1B3D66E27C6223BC95DD1 /* Pods_TaxiApp.framework in Frameworks */,
			);
			runOnlyForDeploymentPostprocessing = 0;
		};
/* End PBXFrameworksBuildPhase section */

/* Begin PBXGroup section */
		29C81D9E7E5DE191A56E7A3B /* Pods */ = {
			isa = PBXGroup;
			children = (
				97A02114761CDDFD3BF1BA28 /* Pods-TaxiApp.debug.xcconfig */,
				1CC9746A5772470F154DD6E3 /* Pods-TaxiApp.release.xcconfig */,
			);
			path = Pods;
			sourceTree = "<group>";
		};
		9D71A8172BD3F4A1CF51C6A0 /* Frameworks */ = {
			isa = PBXGroup;
			children = (
				E294BAB9B51D1442157EE4C8 /* Pods_TaxiApp.framework */,
			);
			name = Frameworks;
			sourceTree = "<group>";
		};
		B6A09BE427F0AA9700C7B8E4 = {
			isa = PBXGroup;
			children = (
				B6A09BEF27F0AA9700C7B8E4 /* TaxiApp */,
				B6A09BEE27F0AA9700C7B8E4 /* Products */,
				29C81D9E7E5DE191A56E7A3B /* Pods */,
				9D71A8172BD3F4A1CF51C6A0 /* Frameworks */,
			);
			sourceTree = "<group>";
		};
		B6A09BEE27F0AA9700C7B8E4 /* Products */ = {
			isa = PBXGroup;
			children = (
				B6A09BED27F0AA9700C7B8E4 /* TaxiApp.app */,
			);
			name = Products;
			sourceTree = "<group>";
		};
		B6A09BEF27F0AA9700C7B8E4 /* TaxiApp */ = {
			isa = PBXGroup;
			children = (
				B6A09C0827F0AAF100C7B8E4 /* Model */,
				B6A09C0727F0AAF000C7B8E4 /* View */,
				B6A09C0627F0AAED00C7B8E4 /* Controller */,
				B6A09C0527F0AAEB00C7B8E4 /* Service */,
				B6A09C0427F0AAE500C7B8E4 /* Utilits */,
				B6A09BF027F0AA9700C7B8E4 /* AppDelegate.swift */,
				B6A09BF227F0AA9700C7B8E4 /* SceneDelegate.swift */,
				B6A09BF627F0AA9700C7B8E4 /* Main.storyboard */,
				B6A09BF927F0AA9900C7B8E4 /* Assets.xcassets */,
				B6A09BFB27F0AA9900C7B8E4 /* LaunchScreen.storyboard */,
				B6A09BFE27F0AA9900C7B8E4 /* Info.plist */,
				B6394F7027F1D6DD008D6A9D /* GoogleService-Info.plist */,
			);
			path = TaxiApp;
			sourceTree = "<group>";
		};
		B6A09C0427F0AAE500C7B8E4 /* Utilits */ = {
			isa = PBXGroup;
			children = (
				B6A09C0B27F0C5BD00C7B8E4 /* Extensions.swift */,
			);
			path = Utilits;
			sourceTree = "<group>";
		};
		B6A09C0527F0AAEB00C7B8E4 /* Service */ = {
			isa = PBXGroup;
			children = (
			);
			path = Service;
			sourceTree = "<group>";
		};
		B6A09C0627F0AAED00C7B8E4 /* Controller */ = {
			isa = PBXGroup;
			children = (
				B6A09C0927F0AB8500C7B8E4 /* LoginController.swift */,
				B6A09C3227F0F9B900C7B8E4 /* SignUpController.swift */,
				B6167E8427F1F35E006F4197 /* HomeController.swift */,
			);
			path = Controller;
			sourceTree = "<group>";
		};
		B6A09C0727F0AAF000C7B8E4 /* View */ = {
			isa = PBXGroup;
			children = (
				B6A09C3427F1B07E00C7B8E4 /* AuthButton.swift */,
				B6A09C3627F1BCB100C7B8E4 /* RegistrationButton.swift */,
				B635CCA527F4704A00E0D05B /* LocationInputActionView.swift */,
				B635CCA727F4CB7600E0D05B /* LocationInputView.swift */,
				B635CCB127F5F3F100E0D05B /* LocationCell.swift */,
			);
			path = View;
			sourceTree = "<group>";
		};
		B6A09C0827F0AAF100C7B8E4 /* Model */ = {
			isa = PBXGroup;
			children = (
			);
			path = Model;
			sourceTree = "<group>";
		};
/* End PBXGroup section */

/* Begin PBXNativeTarget section */
		B6A09BEC27F0AA9700C7B8E4 /* TaxiApp */ = {
			isa = PBXNativeTarget;
			buildConfigurationList = B6A09C0127F0AA9900C7B8E4 /* Build configuration list for PBXNativeTarget "TaxiApp" */;
			buildPhases = (
				22FB086171F34E300CE97510 /* [CP] Check Pods Manifest.lock */,
				B6A09BE927F0AA9700C7B8E4 /* Sources */,
				B6A09BEA27F0AA9700C7B8E4 /* Frameworks */,
				B6A09BEB27F0AA9700C7B8E4 /* Resources */,
				50A7CA62EA1B3CBEBE1EAB09 /* [CP] Embed Pods Frameworks */,
			);
			buildRules = (
			);
			dependencies = (
			);
			name = TaxiApp;
			productName = TaxiApp;
			productReference = B6A09BED27F0AA9700C7B8E4 /* TaxiApp.app */;
			productType = "com.apple.product-type.application";
		};
/* End PBXNativeTarget section */

/* Begin PBXProject section */
		B6A09BE527F0AA9700C7B8E4 /* Project object */ = {
			isa = PBXProject;
			attributes = {
				BuildIndependentTargetsInParallel = 1;
				LastSwiftUpdateCheck = 1320;
				LastUpgradeCheck = 1320;
				TargetAttributes = {
					B6A09BEC27F0AA9700C7B8E4 = {
						CreatedOnToolsVersion = 13.2.1;
					};
				};
			};
			buildConfigurationList = B6A09BE827F0AA9700C7B8E4 /* Build configuration list for PBXProject "TaxiApp" */;
			compatibilityVersion = "Xcode 13.0";
			developmentRegion = en;
			hasScannedForEncodings = 0;
			knownRegions = (
				en,
				Base,
			);
			mainGroup = B6A09BE427F0AA9700C7B8E4;
			productRefGroup = B6A09BEE27F0AA9700C7B8E4 /* Products */;
			projectDirPath = "";
			projectRoot = "";
			targets = (
				B6A09BEC27F0AA9700C7B8E4 /* TaxiApp */,
			);
		};
/* End PBXProject section */

/* Begin PBXResourcesBuildPhase section */
		B6A09BEB27F0AA9700C7B8E4 /* Resources */ = {
			isa = PBXResourcesBuildPhase;
			buildActionMask = 2147483647;
			files = (
				B6A09BFD27F0AA9900C7B8E4 /* LaunchScreen.storyboard in Resources */,
				B6394F7127F1D6DD008D6A9D /* GoogleService-Info.plist in Resources */,
				B6A09BFA27F0AA9900C7B8E4 /* Assets.xcassets in Resources */,
				B6A09BF827F0AA9700C7B8E4 /* Main.storyboard in Resources */,
			);
			runOnlyForDeploymentPostprocessing = 0;
		};
/* End PBXResourcesBuildPhase section */

/* Begin PBXShellScriptBuildPhase section */
		22FB086171F34E300CE97510 /* [CP] Check Pods Manifest.lock */ = {
			isa = PBXShellScriptBuildPhase;
			buildActionMask = 2147483647;
			files = (
			);
			inputFileListPaths = (
			);
			inputPaths = (
				"${PODS_PODFILE_DIR_PATH}/Podfile.lock",
				"${PODS_ROOT}/Manifest.lock",
			);
			name = "[CP] Check Pods Manifest.lock";
			outputFileListPaths = (
			);
			outputPaths = (
				"$(DERIVED_FILE_DIR)/Pods-TaxiApp-checkManifestLockResult.txt",
			);
			runOnlyForDeploymentPostprocessing = 0;
			shellPath = /bin/sh;
			shellScript = "diff \"${PODS_PODFILE_DIR_PATH}/Podfile.lock\" \"${PODS_ROOT}/Manifest.lock\" > /dev/null\nif [ $? != 0 ] ; then\n    # print error to STDERR\n    echo \"error: The sandbox is not in sync with the Podfile.lock. Run 'pod install' or update your CocoaPods installation.\" >&2\n    exit 1\nfi\n# This output is used by Xcode 'outputs' to avoid re-running this script phase.\necho \"SUCCESS\" > \"${SCRIPT_OUTPUT_FILE_0}\"\n";
			showEnvVarsInLog = 0;
		};
		50A7CA62EA1B3CBEBE1EAB09 /* [CP] Embed Pods Frameworks */ = {
			isa = PBXShellScriptBuildPhase;
			buildActionMask = 2147483647;
			files = (
			);
			inputFileListPaths = (
				"${PODS_ROOT}/Target Support Files/Pods-TaxiApp/Pods-TaxiApp-frameworks-${CONFIGURATION}-input-files.xcfilelist",
			);
			name = "[CP] Embed Pods Frameworks";
			outputFileListPaths = (
				"${PODS_ROOT}/Target Support Files/Pods-TaxiApp/Pods-TaxiApp-frameworks-${CONFIGURATION}-output-files.xcfilelist",
			);
			runOnlyForDeploymentPostprocessing = 0;
			shellPath = /bin/sh;
			shellScript = "\"${PODS_ROOT}/Target Support Files/Pods-TaxiApp/Pods-TaxiApp-frameworks.sh\"\n";
			showEnvVarsInLog = 0;
		};
/* End PBXShellScriptBuildPhase section */

/* Begin PBXSourcesBuildPhase section */
		B6A09BE927F0AA9700C7B8E4 /* Sources */ = {
			isa = PBXSourcesBuildPhase;
			buildActionMask = 2147483647;
			files = (
				B6A09C3327F0F9B900C7B8E4 /* SignUpController.swift in Sources */,
				B635CCA627F4704A00E0D05B /* LocationInputActionView.swift in Sources */,
				B6A09C3527F1B07E00C7B8E4 /* AuthButton.swift in Sources */,
				B6A09BF127F0AA9700C7B8E4 /* AppDelegate.swift in Sources */,
				B635CCA827F4CB7600E0D05B /* LocationInputView.swift in Sources */,
				B6A09C0C27F0C5BD00C7B8E4 /* Extensions.swift in Sources */,
				B635CCB227F5F3F100E0D05B /* LocationCell.swift in Sources */,
				B6167E8527F1F35E006F4197 /* HomeController.swift in Sources */,
				B6A09C0A27F0AB8500C7B8E4 /* LoginController.swift in Sources */,
				B6A09BF327F0AA9700C7B8E4 /* SceneDelegate.swift in Sources */,
				B6A09C3727F1BCB100C7B8E4 /* RegistrationButton.swift in Sources */,
			);
			runOnlyForDeploymentPostprocessing = 0;
		};
/* End PBXSourcesBuildPhase section */

/* Begin PBXVariantGroup section */
		B6A09BF627F0AA9700C7B8E4 /* Main.storyboard */ = {
			isa = PBXVariantGroup;
			children = (
				B6A09BF727F0AA9700C7B8E4 /* Base */,
			);
			name = Main.storyboard;
			sourceTree = "<group>";
		};
		B6A09BFB27F0AA9900C7B8E4 /* LaunchScreen.storyboard */ = {
			isa = PBXVariantGroup;
			children = (
				B6A09BFC27F0AA9900C7B8E4 /* Base */,
			);
			name = LaunchScreen.storyboard;
			sourceTree = "<group>";
		};
/* End PBXVariantGroup section */

/* Begin XCBuildConfiguration section */
		B6A09BFF27F0AA9900C7B8E4 /* Debug */ = {
			isa = XCBuildConfiguration;
			buildSettings = {
				ALWAYS_SEARCH_USER_PATHS = NO;
				CLANG_ANALYZER_NONNULL = YES;
				CLANG_ANALYZER_NUMBER_OBJECT_CONVERSION = YES_AGGRESSIVE;
				CLANG_CXX_LANGUAGE_STANDARD = "gnu++17";
				CLANG_CXX_LIBRARY = "libc++";
				CLANG_ENABLE_MODULES = YES;
				CLANG_ENABLE_OBJC_ARC = YES;
				CLANG_ENABLE_OBJC_WEAK = YES;
				CLANG_WARN_BLOCK_CAPTURE_AUTORELEASING = YES;
				CLANG_WARN_BOOL_CONVERSION = YES;
				CLANG_WARN_COMMA = YES;
				CLANG_WARN_CONSTANT_CONVERSION = YES;
				CLANG_WARN_DEPRECATED_OBJC_IMPLEMENTATIONS = YES;
				CLANG_WARN_DIRECT_OBJC_ISA_USAGE = YES_ERROR;
				CLANG_WARN_DOCUMENTATION_COMMENTS = YES;
				CLANG_WARN_EMPTY_BODY = YES;
				CLANG_WARN_ENUM_CONVERSION = YES;
				CLANG_WARN_INFINITE_RECURSION = YES;
				CLANG_WARN_INT_CONVERSION = YES;
				CLANG_WARN_NON_LITERAL_NULL_CONVERSION = YES;
				CLANG_WARN_OBJC_IMPLICIT_RETAIN_SELF = YES;
				CLANG_WARN_OBJC_LITERAL_CONVERSION = YES;
				CLANG_WARN_OBJC_ROOT_CLASS = YES_ERROR;
				CLANG_WARN_QUOTED_INCLUDE_IN_FRAMEWORK_HEADER = YES;
				CLANG_WARN_RANGE_LOOP_ANALYSIS = YES;
				CLANG_WARN_STRICT_PROTOTYPES = YES;
				CLANG_WARN_SUSPICIOUS_MOVE = YES;
				CLANG_WARN_UNGUARDED_AVAILABILITY = YES_AGGRESSIVE;
				CLANG_WARN_UNREACHABLE_CODE = YES;
				CLANG_WARN__DUPLICATE_METHOD_MATCH = YES;
				COPY_PHASE_STRIP = NO;
				DEBUG_INFORMATION_FORMAT = dwarf;
				ENABLE_STRICT_OBJC_MSGSEND = YES;
				ENABLE_TESTABILITY = YES;
				GCC_C_LANGUAGE_STANDARD = gnu11;
				GCC_DYNAMIC_NO_PIC = NO;
				GCC_NO_COMMON_BLOCKS = YES;
				GCC_OPTIMIZATION_LEVEL = 0;
				GCC_PREPROCESSOR_DEFINITIONS = (
					"DEBUG=1",
					"$(inherited)",
				);
				GCC_WARN_64_TO_32_BIT_CONVERSION = YES;
				GCC_WARN_ABOUT_RETURN_TYPE = YES_ERROR;
				GCC_WARN_UNDECLARED_SELECTOR = YES;
				GCC_WARN_UNINITIALIZED_AUTOS = YES_AGGRESSIVE;
				GCC_WARN_UNUSED_FUNCTION = YES;
				GCC_WARN_UNUSED_VARIABLE = YES;
				IPHONEOS_DEPLOYMENT_TARGET = 15.2;
				MTL_ENABLE_DEBUG_INFO = INCLUDE_SOURCE;
				MTL_FAST_MATH = YES;
				ONLY_ACTIVE_ARCH = YES;
				SDKROOT = iphoneos;
				SWIFT_ACTIVE_COMPILATION_CONDITIONS = DEBUG;
				SWIFT_OPTIMIZATION_LEVEL = "-Onone";
			};
			name = Debug;
		};
		B6A09C0027F0AA9900C7B8E4 /* Release */ = {
			isa = XCBuildConfiguration;
			buildSettings = {
				ALWAYS_SEARCH_USER_PATHS = NO;
				CLANG_ANALYZER_NONNULL = YES;
				CLANG_ANALYZER_NUMBER_OBJECT_CONVERSION = YES_AGGRESSIVE;
				CLANG_CXX_LANGUAGE_STANDARD = "gnu++17";
				CLANG_CXX_LIBRARY = "libc++";
				CLANG_ENABLE_MODULES = YES;
				CLANG_ENABLE_OBJC_ARC = YES;
				CLANG_ENABLE_OBJC_WEAK = YES;
				CLANG_WARN_BLOCK_CAPTURE_AUTORELEASING = YES;
				CLANG_WARN_BOOL_CONVERSION = YES;
				CLANG_WARN_COMMA = YES;
				CLANG_WARN_CONSTANT_CONVERSION = YES;
				CLANG_WARN_DEPRECATED_OBJC_IMPLEMENTATIONS = YES;
				CLANG_WARN_DIRECT_OBJC_ISA_USAGE = YES_ERROR;
				CLANG_WARN_DOCUMENTATION_COMMENTS = YES;
				CLANG_WARN_EMPTY_BODY = YES;
				CLANG_WARN_ENUM_CONVERSION = YES;
				CLANG_WARN_INFINITE_RECURSION = YES;
				CLANG_WARN_INT_CONVERSION = YES;
				CLANG_WARN_NON_LITERAL_NULL_CONVERSION = YES;
				CLANG_WARN_OBJC_IMPLICIT_RETAIN_SELF = YES;
				CLANG_WARN_OBJC_LITERAL_CONVERSION = YES;
				CLANG_WARN_OBJC_ROOT_CLASS = YES_ERROR;
				CLANG_WARN_QUOTED_INCLUDE_IN_FRAMEWORK_HEADER = YES;
				CLANG_WARN_RANGE_LOOP_ANALYSIS = YES;
				CLANG_WARN_STRICT_PROTOTYPES = YES;
				CLANG_WARN_SUSPICIOUS_MOVE = YES;
				CLANG_WARN_UNGUARDED_AVAILABILITY = YES_AGGRESSIVE;
				CLANG_WARN_UNREACHABLE_CODE = YES;
				CLANG_WARN__DUPLICATE_METHOD_MATCH = YES;
				COPY_PHASE_STRIP = NO;
				DEBUG_INFORMATION_FORMAT = "dwarf-with-dsym";
				ENABLE_NS_ASSERTIONS = NO;
				ENABLE_STRICT_OBJC_MSGSEND = YES;
				GCC_C_LANGUAGE_STANDARD = gnu11;
				GCC_NO_COMMON_BLOCKS = YES;
				GCC_WARN_64_TO_32_BIT_CONVERSION = YES;
				GCC_WARN_ABOUT_RETURN_TYPE = YES_ERROR;
				GCC_WARN_UNDECLARED_SELECTOR = YES;
				GCC_WARN_UNINITIALIZED_AUTOS = YES_AGGRESSIVE;
				GCC_WARN_UNUSED_FUNCTION = YES;
				GCC_WARN_UNUSED_VARIABLE = YES;
				IPHONEOS_DEPLOYMENT_TARGET = 15.2;
				MTL_ENABLE_DEBUG_INFO = NO;
				MTL_FAST_MATH = YES;
				SDKROOT = iphoneos;
				SWIFT_COMPILATION_MODE = wholemodule;
				SWIFT_OPTIMIZATION_LEVEL = "-O";
				VALIDATE_PRODUCT = YES;
			};
			name = Release;
		};
		B6A09C0227F0AA9900C7B8E4 /* Debug */ = {
			isa = XCBuildConfiguration;
			baseConfigurationReference = 97A02114761CDDFD3BF1BA28 /* Pods-TaxiApp.debug.xcconfig */;
			buildSettings = {
				ASSETCATALOG_COMPILER_APPICON_NAME = AppIcon;
				ASSETCATALOG_COMPILER_GLOBAL_ACCENT_COLOR_NAME = AccentColor;
				CODE_SIGN_STYLE = Automatic;
				CURRENT_PROJECT_VERSION = 1;
				DEVELOPMENT_TEAM = 375MTX42Q8;
				GENERATE_INFOPLIST_FILE = YES;
				INFOPLIST_FILE = TaxiApp/Info.plist;
				INFOPLIST_KEY_UIApplicationSupportsIndirectInputEvents = YES;
				INFOPLIST_KEY_UILaunchStoryboardName = LaunchScreen;
				INFOPLIST_KEY_UIMainStoryboardFile = Main;
				INFOPLIST_KEY_UISupportedInterfaceOrientations_iPad = "UIInterfaceOrientationPortrait UIInterfaceOrientationPortraitUpsideDown UIInterfaceOrientationLandscapeLeft UIInterfaceOrientationLandscapeRight";
				INFOPLIST_KEY_UISupportedInterfaceOrientations_iPhone = "UIInterfaceOrientationPortrait UIInterfaceOrientationLandscapeLeft UIInterfaceOrientationLandscapeRight";
				IPHONEOS_DEPLOYMENT_TARGET = 13.0;
				LD_RUNPATH_SEARCH_PATHS = (
					"$(inherited)",
					"@executable_path/Frameworks",
				);
				MARKETING_VERSION = 1.0;
				PRODUCT_BUNDLE_IDENTIFIER = myNextOrg.TaxiApp;
				PRODUCT_NAME = "$(TARGET_NAME)";
				SWIFT_EMIT_LOC_STRINGS = YES;
				SWIFT_VERSION = 5.0;
				TARGETED_DEVICE_FAMILY = "1,2";
			};
			name = Debug;
		};
		B6A09C0327F0AA9900C7B8E4 /* Release */ = {
			isa = XCBuildConfiguration;
			baseConfigurationReference = 1CC9746A5772470F154DD6E3 /* Pods-TaxiApp.release.xcconfig */;
			buildSettings = {
				ASSETCATALOG_COMPILER_APPICON_NAME = AppIcon;
				ASSETCATALOG_COMPILER_GLOBAL_ACCENT_COLOR_NAME = AccentColor;
				CODE_SIGN_STYLE = Automatic;
				CURRENT_PROJECT_VERSION = 1;
				DEVELOPMENT_TEAM = 375MTX42Q8;
				GENERATE_INFOPLIST_FILE = YES;
				INFOPLIST_FILE = TaxiApp/Info.plist;
				INFOPLIST_KEY_UIApplicationSupportsIndirectInputEvents = YES;
				INFOPLIST_KEY_UILaunchStoryboardName = LaunchScreen;
				INFOPLIST_KEY_UIMainStoryboardFile = Main;
				INFOPLIST_KEY_UISupportedInterfaceOrientations_iPad = "UIInterfaceOrientationPortrait UIInterfaceOrientationPortraitUpsideDown UIInterfaceOrientationLandscapeLeft UIInterfaceOrientationLandscapeRight";
				INFOPLIST_KEY_UISupportedInterfaceOrientations_iPhone = "UIInterfaceOrientationPortrait UIInterfaceOrientationLandscapeLeft UIInterfaceOrientationLandscapeRight";
				IPHONEOS_DEPLOYMENT_TARGET = 13.0;
				LD_RUNPATH_SEARCH_PATHS = (
					"$(inherited)",
					"@executable_path/Frameworks",
				);
				MARKETING_VERSION = 1.0;
				PRODUCT_BUNDLE_IDENTIFIER = myNextOrg.TaxiApp;
				PRODUCT_NAME = "$(TARGET_NAME)";
				SWIFT_EMIT_LOC_STRINGS = YES;
				SWIFT_VERSION = 5.0;
				TARGETED_DEVICE_FAMILY = "1,2";
			};
			name = Release;
		};
/* End XCBuildConfiguration section */

/* Begin XCConfigurationList section */
		B6A09BE827F0AA9700C7B8E4 /* Build configuration list for PBXProject "TaxiApp" */ = {
			isa = XCConfigurationList;
			buildConfigurations = (
				B6A09BFF27F0AA9900C7B8E4 /* Debug */,
				B6A09C0027F0AA9900C7B8E4 /* Release */,
			);
			defaultConfigurationIsVisible = 0;
			defaultConfigurationName = Release;
		};
		B6A09C0127F0AA9900C7B8E4 /* Build configuration list for PBXNativeTarget "TaxiApp" */ = {
			isa = XCConfigurationList;
			buildConfigurations = (
				B6A09C0227F0AA9900C7B8E4 /* Debug */,
				B6A09C0327F0AA9900C7B8E4 /* Release */,
			);
			defaultConfigurationIsVisible = 0;
			defaultConfigurationName = Release;
		};
/* End XCConfigurationList section */
	};
	rootObject = B6A09BE527F0AA9700C7B8E4 /* Project object */;
}
